
Microsoft Visual Studio Solution File, Format Version 12.00
# Visual Studio 15
VisualStudioVersion = 15.0.27130.2036
MinimumVisualStudioVersion = 10.0.40219.1
Project("{F184B08F-C81C-45F6-A57F-5ABD9991F28F}") = "WindowsApp1", "WindowsApp1\WindowsApp1.vbproj", "{5890A330-6E81-4F35-863C-CB5EB72295AB}"
EndProject
Global
	GlobalSection(SolutionConfigurationPlatforms) = preSolution
		Debug|Any CPU = Debug|Any CPU
		Release|Any CPU = Release|Any CPU
	EndGlobalSection
	GlobalSection(ProjectConfigurationPlatforms) = postSolution
		{5890A330-6E81-4F35-863C-CB5EB72295AB}.Debug|Any CPU.ActiveCfg = Debug|Any CPU
		{5890A330-6E81-4F35-863C-CB5EB72295AB}.Debug|Any CPU.Build.0 = Debug|Any CPU
		{5890A330-6E81-4F35-863C-CB5EB72295AB}.Release|Any CPU.ActiveCfg = Release|Any CPU
		{5890A330-6E81-4F35-863C-CB5EB72295AB}.Release|Any CPU.Build.0 = Release|Any CPU
	EndGlobalSection
	GlobalSection(SolutionProperties) = preSolution
		HideSolutionNode = FALSE
	EndGlobalSection
	GlobalSection(ExtensibilityGlobals) = postSolution
		SolutionGuid = {2040F676-1586-404F-9C1E-C14888C6656F}
	EndGlobalSection
EndGlobal
